
Microsoft Visual Studio Solution File, Format Version 12.00
# Visual Studio 2013
VisualStudioVersion = 12.0.21005.1
MinimumVisualStudioVersion = 10.0.40219.1
Project("{FAE04EC0-301F-11D3-BF4B-00C04F79EFBC}") = "Mvsevm", "Mvsevm\Mvsevm.csproj", "{7C590454-D24B-4522-974B-25B86F844A90}"
EndProject
Project("{FAE04EC0-301F-11D3-BF4B-00C04F79EFBC}") = "MvseumDal", "MvseumDal\MvseumDal.csproj", "{933131B8-5C0D-4CCC-9A73-4C9FE117B28E}"
EndProject
Project("{FAE04EC0-301F-11D3-BF4B-00C04F79EFBC}") = "MvsevmGlobal", "MvsevmGlobal\MvsevmGlobal.csproj", "{02A8DD6C-C2C2-4613-AF0E-1E181427E4EA}"
EndProject
Project("{FAE04EC0-301F-11D3-BF4B-00C04F79EFBC}") = "NodaTime", "NodaTime\NodaTime.csproj", "{42B687A6-0F76-4638-A372-161C922A998B}"
EndProject
Global
	GlobalSection(SolutionConfigurationPlatforms) = preSolution
		Debug Portable|Any CPU = Debug Portable|Any CPU
		Debug|Any CPU = Debug|Any CPU
		Release Portable|Any CPU = Release Portable|Any CPU
		Release|Any CPU = Release|Any CPU
		Signed Release Portable|Any CPU = Signed Release Portable|Any CPU
		Signed Release|Any CPU = Signed Release|Any CPU
	EndGlobalSection
	GlobalSection(ProjectConfigurationPlatforms) = postSolution
		{7C590454-D24B-4522-974B-25B86F844A90}.Debug Portable|Any CPU.ActiveCfg = Debug|Any CPU
		{7C590454-D24B-4522-974B-25B86F844A90}.Debug Portable|Any CPU.Build.0 = Debug|Any CPU
		{7C590454-D24B-4522-974B-25B86F844A90}.Debug|Any CPU.ActiveCfg = Debug|Any CPU
		{7C590454-D24B-4522-974B-25B86F844A90}.Debug|Any CPU.Build.0 = Debug|Any CPU
		{7C590454-D24B-4522-974B-25B86F844A90}.Release Portable|Any CPU.ActiveCfg = Release|Any CPU
		{7C590454-D24B-4522-974B-25B86F844A90}.Release Portable|Any CPU.Build.0 = Release|Any CPU
		{7C590454-D24B-4522-974B-25B86F844A90}.Release|Any CPU.ActiveCfg = Release|Any CPU
		{7C590454-D24B-4522-974B-25B86F844A90}.Release|Any CPU.Build.0 = Release|Any CPU
		{7C590454-D24B-4522-974B-25B86F844A90}.Signed Release Portable|Any CPU.ActiveCfg = Release|Any CPU
		{7C590454-D24B-4522-974B-25B86F844A90}.Signed Release Portable|Any CPU.Build.0 = Release|Any CPU
		{7C590454-D24B-4522-974B-25B86F844A90}.Signed Release|Any CPU.ActiveCfg = Release|Any CPU
		{7C590454-D24B-4522-974B-25B86F844A90}.Signed Release|Any CPU.Build.0 = Release|Any CPU
		{933131B8-5C0D-4CCC-9A73-4C9FE117B28E}.Debug Portable|Any CPU.ActiveCfg = Debug|Any CPU
		{933131B8-5C0D-4CCC-9A73-4C9FE117B28E}.Debug Portable|Any CPU.Build.0 = Debug|Any CPU
		{933131B8-5C0D-4CCC-9A73-4C9FE117B28E}.Debug|Any CPU.ActiveCfg = Debug|Any CPU
		{933131B8-5C0D-4CCC-9A73-4C9FE117B28E}.Debug|Any CPU.Build.0 = Debug|Any CPU
		{933131B8-5C0D-4CCC-9A73-4C9FE117B28E}.Release Portable|Any CPU.ActiveCfg = Release|Any CPU
		{933131B8-5C0D-4CCC-9A73-4C9FE117B28E}.Release Portable|Any CPU.Build.0 = Release|Any CPU
		{933131B8-5C0D-4CCC-9A73-4C9FE117B28E}.Release|Any CPU.ActiveCfg = Release|Any CPU
		{933131B8-5C0D-4CCC-9A73-4C9FE117B28E}.Release|Any CPU.Build.0 = Release|Any CPU
		{933131B8-5C0D-4CCC-9A73-4C9FE117B28E}.Signed Release Portable|Any CPU.ActiveCfg = Release|Any CPU
		{933131B8-5C0D-4CCC-9A73-4C9FE117B28E}.Signed Release Portable|Any CPU.Build.0 = Release|Any CPU
		{933131B8-5C0D-4CCC-9A73-4C9FE117B28E}.Signed Release|Any CPU.ActiveCfg = Release|Any CPU
		{933131B8-5C0D-4CCC-9A73-4C9FE117B28E}.Signed Release|Any CPU.Build.0 = Release|Any CPU
		{02A8DD6C-C2C2-4613-AF0E-1E181427E4EA}.Debug Portable|Any CPU.ActiveCfg = Debug|Any CPU
		{02A8DD6C-C2C2-4613-AF0E-1E181427E4EA}.Debug Portable|Any CPU.Build.0 = Debug|Any CPU
		{02A8DD6C-C2C2-4613-AF0E-1E181427E4EA}.Debug|Any CPU.ActiveCfg = Debug|Any CPU
		{02A8DD6C-C2C2-4613-AF0E-1E181427E4EA}.Debug|Any CPU.Build.0 = Debug|Any CPU
		{02A8DD6C-C2C2-4613-AF0E-1E181427E4EA}.Release Portable|Any CPU.ActiveCfg = Release|Any CPU
		{02A8DD6C-C2C2-4613-AF0E-1E181427E4EA}.Release Portable|Any CPU.Build.0 = Release|Any CPU
		{02A8DD6C-C2C2-4613-AF0E-1E181427E4EA}.Release|Any CPU.ActiveCfg = Release|Any CPU
		{02A8DD6C-C2C2-4613-AF0E-1E181427E4EA}.Release|Any CPU.Build.0 = Release|Any CPU
		{02A8DD6C-C2C2-4613-AF0E-1E181427E4EA}.Signed Release Portable|Any CPU.ActiveCfg = Release|Any CPU
		{02A8DD6C-C2C2-4613-AF0E-1E181427E4EA}.Signed Release Portable|Any CPU.Build.0 = Release|Any CPU
		{02A8DD6C-C2C2-4613-AF0E-1E181427E4EA}.Signed Release|Any CPU.ActiveCfg = Release|Any CPU
		{02A8DD6C-C2C2-4613-AF0E-1E181427E4EA}.Signed Release|Any CPU.Build.0 = Release|Any CPU
		{42B687A6-0F76-4638-A372-161C922A998B}.Debug Portable|Any CPU.ActiveCfg = Debug Portable|Any CPU
		{42B687A6-0F76-4638-A372-161C922A998B}.Debug Portable|Any CPU.Build.0 = Debug Portable|Any CPU
		{42B687A6-0F76-4638-A372-161C922A998B}.Debug|Any CPU.ActiveCfg = Debug|Any CPU
		{42B687A6-0F76-4638-A372-161C922A998B}.Debug|Any CPU.Build.0 = Debug|Any CPU
		{42B687A6-0F76-4638-A372-161C922A998B}.Release Portable|Any CPU.ActiveCfg = Release Portable|Any CPU
		{42B687A6-0F76-4638-A372-161C922A998B}.Release Portable|Any CPU.Build.0 = Release Portable|Any CPU
		{42B687A6-0F76-4638-A372-161C922A998B}.Release|Any CPU.ActiveCfg = Release|Any CPU
		{42B687A6-0F76-4638-A372-161C922A998B}.Release|Any CPU.Build.0 = Release|Any CPU
		{42B687A6-0F76-4638-A372-161C922A998B}.Signed Release Portable|Any CPU.ActiveCfg = Signed Release Portable|Any CPU
		{42B687A6-0F76-4638-A372-161C922A998B}.Signed Release Portable|Any CPU.Build.0 = Signed Release Portable|Any CPU
		{42B687A6-0F76-4638-A372-161C922A998B}.Signed Release|Any CPU.ActiveCfg = Signed Release|Any CPU
		{42B687A6-0F76-4638-A372-161C922A998B}.Signed Release|Any CPU.Build.0 = Signed Release|Any CPU
	EndGlobalSection
	GlobalSection(SolutionProperties) = preSolution
		HideSolutionNode = FALSE
	EndGlobalSection
EndGlobal
